// !$*UTF8*$!
{
	archiveVersion = 1;
	classes = {
	};
	objectVersion = 55;
	objects = {

/* Begin PBXBuildFile section */
		29535E1228BE12EC003EAC98 /* AppDelegate.swift in Sources */ = {isa = PBXBuildFile; fileRef = 29535E1128BE12EC003EAC98 /* AppDelegate.swift */; };
		29535E1428BE12EC003EAC98 /* SceneDelegate.swift in Sources */ = {isa = PBXBuildFile; fileRef = 29535E1328BE12EC003EAC98 /* SceneDelegate.swift */; };
		29535E1628BE12EC003EAC98 /* ViewController.swift in Sources */ = {isa = PBXBuildFile; fileRef = 29535E1528BE12EC003EAC98 /* ViewController.swift */; };
		29535E1928BE12EC003EAC98 /* Main.storyboard in Resources */ = {isa = PBXBuildFile; fileRef = 29535E1728BE12EC003EAC98 /* Main.storyboard */; };
		29535E1B28BE12ED003EAC98 /* Assets.xcassets in Resources */ = {isa = PBXBuildFile; fileRef = 29535E1A28BE12ED003EAC98 /* Assets.xcassets */; };
		29535E1E28BE12ED003EAC98 /* LaunchScreen.storyboard in Resources */ = {isa = PBXBuildFile; fileRef = 29535E1C28BE12ED003EAC98 /* LaunchScreen.storyboard */; };
		29535E2928BE12ED003EAC98 /* App_LifecycleTests.swift in Sources */ = {isa = PBXBuildFile; fileRef = 29535E2828BE12ED003EAC98 /* App_LifecycleTests.swift */; };
		29535E3328BE12ED003EAC98 /* App_LifecycleUITests.swift in Sources */ = {isa = PBXBuildFile; fileRef = 29535E3228BE12ED003EAC98 /* App_LifecycleUITests.swift */; };
		29535E3528BE12ED003EAC98 /* App_LifecycleUITestsLaunchTests.swift in Sources */ = {isa = PBXBuildFile; fileRef = 29535E3428BE12ED003EAC98 /* App_LifecycleUITestsLaunchTests.swift */; };
/* End PBXBuildFile section */

/* Begin PBXContainerItemProxy section */
		29535E2528BE12ED003EAC98 /* PBXContainerItemProxy */ = {
			isa = PBXContainerItemProxy;
			containerPortal = 29535E0628BE12EC003EAC98 /* Project object */;
			proxyType = 1;
			remoteGlobalIDString = 29535E0D28BE12EC003EAC98;
			remoteInfo = "App Lifecycle";
		};
		29535E2F28BE12ED003EAC98 /* PBXContainerItemProxy */ = {
			isa = PBXContainerItemProxy;
			containerPortal = 29535E0628BE12EC003EAC98 /* Project object */;
			proxyType = 1;
			remoteGlobalIDString = 29535E0D28BE12EC003EAC98;
			remoteInfo = "App Lifecycle";
		};
/* End PBXContainerItemProxy section */

/* Begin PBXFileReference section */
		29535E0E28BE12EC003EAC98 /* App Lifecycle.app */ = {isa = PBXFileReference; explicitFileType = wrapper.application; includeInIndex = 0; path = "App Lifecycle.app"; sourceTree = BUILT_PRODUCTS_DIR; };
		29535E1128BE12EC003EAC98 /* AppDelegate.swift */ = {isa = PBXFileReference; lastKnownFileType = sourcecode.swift; path = AppDelegate.swift; sourceTree = "<group>"; };
		29535E1328BE12EC003EAC98 /* SceneDelegate.swift */ = {isa = PBXFileReference; lastKnownFileType = sourcecode.swift; path = SceneDelegate.swift; sourceTree = "<group>"; };
		29535E1528BE12EC003EAC98 /* ViewController.swift */ = {isa = PBXFileReference; lastKnownFileType = sourcecode.swift; path = ViewController.swift; sourceTree = "<group>"; };
		29535E1828BE12EC003EAC98 /* Base */ = {isa = PBXFileReference; lastKnownFileType = file.storyboard; name = Base; path = Base.lproj/Main.storyboard; sourceTree = "<group>"; };
		29535E1A28BE12ED003EAC98 /* Assets.xcassets */ = {isa = PBXFileReference; lastKnownFileType = folder.assetcatalog; path = Assets.xcassets; sourceTree = "<group>"; };
		29535E1D28BE12ED003EAC98 /* Base */ = {isa = PBXFileReference; lastKnownFileType = file.storyboard; name = Base; path = Base.lproj/LaunchScreen.storyboard; sourceTree = "<group>"; };
		29535E1F28BE12ED003EAC98 /* Info.plist */ = {isa = PBXFileReference; lastKnownFileType = text.plist.xml; path = Info.plist; sourceTree = "<group>"; };
		29535E2428BE12ED003EAC98 /* App LifecycleTests.xctest */ = {isa = PBXFileReference; explicitFileType = wrapper.cfbundle; includeInIndex = 0; path = "App LifecycleTests.xctest"; sourceTree = BUILT_PRODUCTS_DIR; };
		29535E2828BE12ED003EAC98 /* App_LifecycleTests.swift */ = {isa = PBXFileReference; lastKnownFileType = sourcecode.swift; path = App_LifecycleTests.swift; sourceTree = "<group>"; };
		29535E2E28BE12ED003EAC98 /* App LifecycleUITests.xctest */ = {isa = PBXFileReference; explicitFileType = wrapper.cfbundle; includeInIndex = 0; path = "App LifecycleUITests.xctest"; sourceTree = BUILT_PRODUCTS_DIR; };
		29535E3228BE12ED003EAC98 /* App_LifecycleUITests.swift */ = {isa = PBXFileReference; lastKnownFileType = sourcecode.swift; path = App_LifecycleUITests.swift; sourceTree = "<group>"; };
		29535E3428BE12ED003EAC98 /* App_LifecycleUITestsLaunchTests.swift */ = {isa = PBXFileReference; lastKnownFileType = sourcecode.swift; path = App_LifecycleUITestsLaunchTests.swift; sourceTree = "<group>"; };
/* End PBXFileReference section */

/* Begin PBXFrameworksBuildPhase section */
		29535E0B28BE12EC003EAC98 /* Frameworks */ = {
			isa = PBXFrameworksBuildPhase;
			buildActionMask = 2147483647;
			files = (
			);
			runOnlyForDeploymentPostprocessing = 0;
		};
		29535E2128BE12ED003EAC98 /* Frameworks */ = {
			isa = PBXFrameworksBuildPhase;
			buildActionMask = 2147483647;
			files = (
			);
			runOnlyForDeploymentPostprocessing = 0;
		};
		29535E2B28BE12ED003EAC98 /* Frameworks */ = {
			isa = PBXFrameworksBuildPhase;
			buildActionMask = 2147483647;
			files = (
			);
			runOnlyForDeploymentPostprocessing = 0;
		};
/* End PBXFrameworksBuildPhase section */

/* Begin PBXGroup section */
		29535E0528BE12EC003EAC98 = {
			isa = PBXGroup;
			children = (
				29535E1028BE12EC003EAC98 /* App Lifecycle */,
				29535E2728BE12ED003EAC98 /* App LifecycleTests */,
				29535E3128BE12ED003EAC98 /* App LifecycleUITests */,
				29535E0F28BE12EC003EAC98 /* Products */,
			);
			sourceTree = "<group>";
		};
		29535E0F28BE12EC003EAC98 /* Products */ = {
			isa = PBXGroup;
			children = (
				29535E0E28BE12EC003EAC98 /* App Lifecycle.app */,
				29535E2428BE12ED003EAC98 /* App LifecycleTests.xctest */,
				29535E2E28BE12ED003EAC98 /* App LifecycleUITests.xctest */,
			);
			name = Products;
			sourceTree = "<group>";
		};
		29535E1028BE12EC003EAC98 /* App Lifecycle */ = {
			isa = PBXGroup;
			children = (
				29535E1128BE12EC003EAC98 /* AppDelegate.swift */,
				29535E1328BE12EC003EAC98 /* SceneDelegate.swift */,
				29535E1528BE12EC003EAC98 /* ViewController.swift */,
				29535E1728BE12EC003EAC98 /* Main.storyboard */,
				29535E1A28BE12ED003EAC98 /* Assets.xcassets */,
				29535E1C28BE12ED003EAC98 /* LaunchScreen.storyboard */,
				29535E1F28BE12ED003EAC98 /* Info.plist */,
			);
			path = "App Lifecycle";
			sourceTree = "<group>";
		};
		29535E2728BE12ED003EAC98 /* App LifecycleTests */ = {
			isa = PBXGroup;
			children = (
				29535E2828BE12ED003EAC98 /* App_LifecycleTests.swift */,
			);
			path = "App LifecycleTests";
			sourceTree = "<group>";
		};
		29535E3128BE12ED003EAC98 /* App LifecycleUITests */ = {
			isa = PBXGroup;
			children = (
				29535E3228BE12ED003EAC98 /* App_LifecycleUITests.swift */,
				29535E3428BE12ED003EAC98 /* App_LifecycleUITestsLaunchTests.swift */,
			);
			path = "App LifecycleUITests";
			sourceTree = "<group>";
		};
/* End PBXGroup section */

/* Begin PBXNativeTarget section */
		29535E0D28BE12EC003EAC98 /* App Lifecycle */ = {
			isa = PBXNativeTarget;
			buildConfigurationList = 29535E3828BE12ED003EAC98 /* Build configuration list for PBXNativeTarget "App Lifecycle" */;
			buildPhases = (
				29535E0A28BE12EC003EAC98 /* Sources */,
				29535E0B28BE12EC003EAC98 /* Frameworks */,
				29535E0C28BE12EC003EAC98 /* Resources */,
			);
			buildRules = (
			);
			dependencies = (
			);
			name = "App Lifecycle";
			productName = "App Lifecycle";
			productReference = 29535E0E28BE12EC003EAC98 /* App Lifecycle.app */;
			productType = "com.apple.product-type.application";
		};
		29535E2328BE12ED003EAC98 /* App LifecycleTests */ = {
			isa = PBXNativeTarget;
			buildConfigurationList = 29535E3B28BE12ED003EAC98 /* Build configuration list for PBXNativeTarget "App LifecycleTests" */;
			buildPhases = (
				29535E2028BE12ED003EAC98 /* Sources */,
				29535E2128BE12ED003EAC98 /* Frameworks */,
				29535E2228BE12ED003EAC98 /* Resources */,
			);
			buildRules = (
			);
			dependencies = (
				29535E2628BE12ED003EAC98 /* PBXTargetDependency */,
			);
			name = "App LifecycleTests";
			productName = "App LifecycleTests";
			productReference = 29535E2428BE12ED003EAC98 /* App LifecycleTests.xctest */;
			productType = "com.apple.product-type.bundle.unit-test";
		};
		29535E2D28BE12ED003EAC98 /* App LifecycleUITests */ = {
			isa = PBXNativeTarget;
			buildConfigurationList = 29535E3E28BE12ED003EAC98 /* Build configuration list for PBXNativeTarget "App LifecycleUITests" */;
			buildPhases = (
				29535E2A28BE12ED003EAC98 /* Sources */,
				29535E2B28BE12ED003EAC98 /* Frameworks */,
				29535E2C28BE12ED003EAC98 /* Resources */,
			);
			buildRules = (
			);
			dependencies = (
				29535E3028BE12ED003EAC98 /* PBXTargetDependency */,
			);
			name = "App LifecycleUITests";
			productName = "App LifecycleUITests";
			productReference = 29535E2E28BE12ED003EAC98 /* App LifecycleUITests.xctest */;
			productType = "com.apple.product-type.bundle.ui-testing";
		};
/* End PBXNativeTarget section */

/* Begin PBXProject section */
		29535E0628BE12EC003EAC98 /* Project object */ = {
			isa = PBXProject;
			attributes = {
				BuildIndependentTargetsInParallel = 1;
				LastSwiftUpdateCheck = 1340;
				LastUpgradeCheck = 1340;
				TargetAttributes = {
					29535E0D28BE12EC003EAC98 = {
						CreatedOnToolsVersion = 13.4.1;
					};
					29535E2328BE12ED003EAC98 = {
						CreatedOnToolsVersion = 13.4.1;
						TestTargetID = 29535E0D28BE12EC003EAC98;
					};
					29535E2D28BE12ED003EAC98 = {
						CreatedOnToolsVersion = 13.4.1;
						TestTargetID = 29535E0D28BE12EC003EAC98;
					};
				};
			};
			buildConfigurationList = 29535E0928BE12EC003EAC98 /* Build configuration list for PBXProject "App Lifecycle" */;
			compatibilityVersion = "Xcode 13.0";
			developmentRegion = en;
			hasScannedForEncodings = 0;
			knownRegions = (
				en,
				Base,
			);
			mainGroup = 29535E0528BE12EC003EAC98;
			productRefGroup = 29535E0F28BE12EC003EAC98 /* Products */;
			projectDirPath = "";
			projectRoot = "";
			targets = (
				29535E0D28BE12EC003EAC98 /* App Lifecycle */,
				29535E2328BE12ED003EAC98 /* App LifecycleTests */,
				29535E2D28BE12ED003EAC98 /* App LifecycleUITests */,
			);
		};
/* End PBXProject section */

/* Begin PBXResourcesBuildPhase section */
		29535E0C28BE12EC003EAC98 /* Resources */ = {
			isa = PBXResourcesBuildPhase;
			buildActionMask = 2147483647;
			files = (
				29535E1E28BE12ED003EAC98 /* LaunchScreen.storyboard in Resources */,
				29535E1B28BE12ED003EAC98 /* Assets.xcassets in Resources */,
				29535E1928BE12EC003EAC98 /* Main.storyboard in Resources */,
			);
			runOnlyForDeploymentPostprocessing = 0;
		};
		29535E2228BE12ED003EAC98 /* Resources */ = {
			isa = PBXResourcesBuildPhase;
			buildActionMask = 2147483647;
			files = (
			);
			runOnlyForDeploymentPostprocessing = 0;
		};
		29535E2C28BE12ED003EAC98 /* Resources */ = {
			isa = PBXResourcesBuildPhase;
			buildActionMask = 2147483647;
			files = (
			);
			runOnlyForDeploymentPostprocessing = 0;
		};
/* End PBXResourcesBuildPhase section */

/* Begin PBXSourcesBuildPhase section */
		29535E0A28BE12EC003EAC98 /* Sources */ = {
			isa = PBXSourcesBuildPhase;
			buildActionMask = 2147483647;
			files = (
				29535E1628BE12EC003EAC98 /* ViewController.swift in Sources */,
				29535E1228BE12EC003EAC98 /* AppDelegate.swift in Sources */,
				29535E1428BE12EC003EAC98 /* SceneDelegate.swift in Sources */,
			);
			runOnlyForDeploymentPostprocessing = 0;
		};
		29535E2028BE12ED003EAC98 /* Sources */ = {
			isa = PBXSourcesBuildPhase;
			buildActionMask = 2147483647;
			files = (
				29535E2928BE12ED003EAC98 /* App_LifecycleTests.swift in Sources */,
			);
			runOnlyForDeploymentPostprocessing = 0;
		};
		29535E2A28BE12ED003EAC98 /* Sources */ = {
			isa = PBXSourcesBuildPhase;
			buildActionMask = 2147483647;
			files = (
				29535E3328BE12ED003EAC98 /* App_LifecycleUITests.swift in Sources */,
				29535E3528BE12ED003EAC98 /* App_LifecycleUITestsLaunchTests.swift in Sources */,
			);
			runOnlyForDeploymentPostprocessing = 0;
		};
/* End PBXSourcesBuildPhase section */

/* Begin PBXTargetDependency section */
		29535E2628BE12ED003EAC98 /* PBXTargetDependency */ = {
			isa = PBXTargetDependency;
			target = 29535E0D28BE12EC003EAC98 /* App Lifecycle */;
			targetProxy = 29535E2528BE12ED003EAC98 /* PBXContainerItemProxy */;
		};
		29535E3028BE12ED003EAC98 /* PBXTargetDependency */ = {
			isa = PBXTargetDependency;
			target = 29535E0D28BE12EC003EAC98 /* App Lifecycle */;
			targetProxy = 29535E2F28BE12ED003EAC98 /* PBXContainerItemProxy */;
		};
/* End PBXTargetDependency section */

/* Begin PBXVariantGroup section */
		29535E1728BE12EC003EAC98 /* Main.storyboard */ = {
			isa = PBXVariantGroup;
			children = (
				29535E1828BE12EC003EAC98 /* Base */,
			);
			name = Main.storyboard;
			sourceTree = "<group>";
		};
		29535E1C28BE12ED003EAC98 /* LaunchScreen.storyboard */ = {
			isa = PBXVariantGroup;
			children = (
				29535E1D28BE12ED003EAC98 /* Base */,
			);
			name = LaunchScreen.storyboard;
			sourceTree = "<group>";
		};
/* End PBXVariantGroup section */

/* Begin XCBuildConfiguration section */
		29535E3628BE12ED003EAC98 /* Debug */ = {
			isa = XCBuildConfiguration;
			buildSettings = {
				ALWAYS_SEARCH_USER_PATHS = NO;
				CLANG_ANALYZER_NONNULL = YES;
				CLANG_ANALYZER_NUMBER_OBJECT_CONVERSION = YES_AGGRESSIVE;
				CLANG_CXX_LANGUAGE_STANDARD = "gnu++17";
				CLANG_ENABLE_MODULES = YES;
				CLANG_ENABLE_OBJC_ARC = YES;
				CLANG_ENABLE_OBJC_WEAK = YES;
				CLANG_WARN_BLOCK_CAPTURE_AUTORELEASING = YES;
				CLANG_WARN_BOOL_CONVERSION = YES;
				CLANG_WARN_COMMA = YES;
				CLANG_WARN_CONSTANT_CONVERSION = YES;
				CLANG_WARN_DEPRECATED_OBJC_IMPLEMENTATIONS = YES;
				CLANG_WARN_DIRECT_OBJC_ISA_USAGE = YES_ERROR;
				CLANG_WARN_DOCUMENTATION_COMMENTS = YES;
				CLANG_WARN_EMPTY_BODY = YES;
				CLANG_WARN_ENUM_CONVERSION = YES;
				CLANG_WARN_INFINITE_RECURSION = YES;
				CLANG_WARN_INT_CONVERSION = YES;
				CLANG_WARN_NON_LITERAL_NULL_CONVERSION = YES;
				CLANG_WARN_OBJC_IMPLICIT_RETAIN_SELF = YES;
				CLANG_WARN_OBJC_LITERAL_CONVERSION = YES;
				CLANG_WARN_OBJC_ROOT_CLASS = YES_ERROR;
				CLANG_WARN_QUOTED_INCLUDE_IN_FRAMEWORK_HEADER = YES;
				CLANG_WARN_RANGE_LOOP_ANALYSIS = YES;
				CLANG_WARN_STRICT_PROTOTYPES = YES;
				CLANG_WARN_SUSPICIOUS_MOVE = YES;
				CLANG_WARN_UNGUARDED_AVAILABILITY = YES_AGGRESSIVE;
				CLANG_WARN_UNREACHABLE_CODE = YES;
				CLANG_WARN__DUPLICATE_METHOD_MATCH = YES;
				COPY_PHASE_STRIP = NO;
				DEBUG_INFORMATION_FORMAT = dwarf;
				ENABLE_STRICT_OBJC_MSGSEND = YES;
				ENABLE_TESTABILITY = YES;
				GCC_C_LANGUAGE_STANDARD = gnu11;
				GCC_DYNAMIC_NO_PIC = NO;
				GCC_NO_COMMON_BLOCKS = YES;
				GCC_OPTIMIZATION_LEVEL = 0;
				GCC_PREPROCESSOR_DEFINITIONS = (
					"DEBUG=1",
					"$(inherited)",
				);
				GCC_WARN_64_TO_32_BIT_CONVERSION = YES;
				GCC_WARN_ABOUT_RETURN_TYPE = YES_ERROR;
				GCC_WARN_UNDECLARED_SELECTOR = YES;
				GCC_WARN_UNINITIALIZED_AUTOS = YES_AGGRESSIVE;
				GCC_WARN_UNUSED_FUNCTION = YES;
				GCC_WARN_UNUSED_VARIABLE = YES;
				IPHONEOS_DEPLOYMENT_TARGET = 15.5;
				MTL_ENABLE_DEBUG_INFO = INCLUDE_SOURCE;
				MTL_FAST_MATH = YES;
				ONLY_ACTIVE_ARCH = YES;
				SDKROOT = iphoneos;
				SWIFT_ACTIVE_COMPILATION_CONDITIONS = DEBUG;
				SWIFT_OPTIMIZATION_LEVEL = "-Onone";
			};
			name = Debug;
		};
		29535E3728BE12ED003EAC98 /* Release */ = {
			isa = XCBuildConfiguration;
			buildSettings = {
				ALWAYS_SEARCH_USER_PATHS = NO;
				CLANG_ANALYZER_NONNULL = YES;
				CLANG_ANALYZER_NUMBER_OBJECT_CONVERSION = YES_AGGRESSIVE;
				CLANG_CXX_LANGUAGE_STANDARD = "gnu++17";
				CLANG_ENABLE_MODULES = YES;
				CLANG_ENABLE_OBJC_ARC = YES;
				CLANG_ENABLE_OBJC_WEAK = YES;
				CLANG_WARN_BLOCK_CAPTURE_AUTORELEASING = YES;
				CLANG_WARN_BOOL_CONVERSION = YES;
				CLANG_WARN_COMMA = YES;
				CLANG_WARN_CONSTANT_CONVERSION = YES;
				CLANG_WARN_DEPRECATED_OBJC_IMPLEMENTATIONS = YES;
				CLANG_WARN_DIRECT_OBJC_ISA_USAGE = YES_ERROR;
				CLANG_WARN_DOCUMENTATION_COMMENTS = YES;
				CLANG_WARN_EMPTY_BODY = YES;
				CLANG_WARN_ENUM_CONVERSION = YES;
				CLANG_WARN_INFINITE_RECURSION = YES;
				CLANG_WARN_INT_CONVERSION = YES;
				CLANG_WARN_NON_LITERAL_NULL_CONVERSION = YES;
				CLANG_WARN_OBJC_IMPLICIT_RETAIN_SELF = YES;
				CLANG_WARN_OBJC_LITERAL_CONVERSION = YES;
				CLANG_WARN_OBJC_ROOT_CLASS = YES_ERROR;
				CLANG_WARN_QUOTED_INCLUDE_IN_FRAMEWORK_HEADER = YES;
				CLANG_WARN_RANGE_LOOP_ANALYSIS = YES;
				CLANG_WARN_STRICT_PROTOTYPES = YES;
				CLANG_WARN_SUSPICIOUS_MOVE = YES;
				CLANG_WARN_UNGUARDED_AVAILABILITY = YES_AGGRESSIVE;
				CLANG_WARN_UNREACHABLE_CODE = YES;
				CLANG_WARN__DUPLICATE_METHOD_MATCH = YES;
				COPY_PHASE_STRIP = NO;
				DEBUG_INFORMATION_FORMAT = "dwarf-with-dsym";
				ENABLE_NS_ASSERTIONS = NO;
				ENABLE_STRICT_OBJC_MSGSEND = YES;
				GCC_C_LANGUAGE_STANDARD = gnu11;
				GCC_NO_COMMON_BLOCKS = YES;
				GCC_WARN_64_TO_32_BIT_CONVERSION = YES;
				GCC_WARN_ABOUT_RETURN_TYPE = YES_ERROR;
				GCC_WARN_UNDECLARED_SELECTOR = YES;
				GCC_WARN_UNINITIALIZED_AUTOS = YES_AGGRESSIVE;
				GCC_WARN_UNUSED_FUNCTION = YES;
				GCC_WARN_UNUSED_VARIABLE = YES;
				IPHONEOS_DEPLOYMENT_TARGET = 15.5;
				MTL_ENABLE_DEBUG_INFO = NO;
				MTL_FAST_MATH = YES;
				SDKROOT = iphoneos;
				SWIFT_COMPILATION_MODE = wholemodule;
				SWIFT_OPTIMIZATION_LEVEL = "-O";
				VALIDATE_PRODUCT = YES;
			};
			name = Release;
		};
		29535E3928BE12ED003EAC98 /* Debug */ = {
			isa = XCBuildConfiguration;
			buildSettings = {
				ASSETCATALOG_COMPILER_APPICON_NAME = AppIcon;
				ASSETCATALOG_COMPILER_GLOBAL_ACCENT_COLOR_NAME = AccentColor;
				CODE_SIGN_STYLE = Automatic;
				CURRENT_PROJECT_VERSION = 1;
				GENERATE_INFOPLIST_FILE = YES;
				INFOPLIST_FILE = "App Lifecycle/Info.plist";
				INFOPLIST_KEY_UIApplicationSupportsIndirectInputEvents = YES;
				INFOPLIST_KEY_UILaunchStoryboardName = LaunchScreen;
				INFOPLIST_KEY_UIMainStoryboardFile = Main;
				INFOPLIST_KEY_UISupportedInterfaceOrientations_iPad = "UIInterfaceOrientationPortrait UIInterfaceOrientationPortraitUpsideDown UIInterfaceOrientationLandscapeLeft UIInterfaceOrientationLandscapeRight";
				INFOPLIST_KEY_UISupportedInterfaceOrientations_iPhone = "UIInterfaceOrientationPortrait UIInterfaceOrientationLandscapeLeft UIInterfaceOrientationLandscapeRight";
				LD_RUNPATH_SEARCH_PATHS = (
					"$(inherited)",
					"@executable_path/Frameworks",
				);
				MARKETING_VERSION = 1.0;
				PRODUCT_BUNDLE_IDENTIFIER = "com.test.App-Lifecycle";
				PRODUCT_NAME = "$(TARGET_NAME)";
				SWIFT_EMIT_LOC_STRINGS = YES;
				SWIFT_VERSION = 5.0;
				TARGETED_DEVICE_FAMILY = "1,2";
			};
			name = Debug;
		};
		29535E3A28BE12ED003EAC98 /* Release */ = {
			isa = XCBuildConfiguration;
			buildSettings = {
				ASSETCATALOG_COMPILER_APPICON_NAME = AppIcon;
				ASSETCATALOG_COMPILER_GLOBAL_ACCENT_COLOR_NAME = AccentColor;
				CODE_SIGN_STYLE = Automatic;
				CURRENT_PROJECT_VERSION = 1;
				GENERATE_INFOPLIST_FILE = YES;
				INFOPLIST_FILE = "App Lifecycle/Info.plist";
				INFOPLIST_KEY_UIApplicationSupportsIndirectInputEvents = YES;
				INFOPLIST_KEY_UILaunchStoryboardName = LaunchScreen;
				INFOPLIST_KEY_UIMainStoryboardFile = Main;
				INFOPLIST_KEY_UISupportedInterfaceOrientations_iPad = "UIInterfaceOrientationPortrait UIInterfaceOrientationPortraitUpsideDown UIInterfaceOrientationLandscapeLeft UIInterfaceOrientationLandscapeRight";
				INFOPLIST_KEY_UISupportedInterfaceOrientations_iPhone = "UIInterfaceOrientationPortrait UIInterfaceOrientationLandscapeLeft UIInterfaceOrientationLandscapeRight";
				LD_RUNPATH_SEARCH_PATHS = (
					"$(inherited)",
					"@executable_path/Frameworks",
				);
				MARKETING_VERSION = 1.0;
				PRODUCT_BUNDLE_IDENTIFIER = "com.test.App-Lifecycle";
				PRODUCT_NAME = "$(TARGET_NAME)";
				SWIFT_EMIT_LOC_STRINGS = YES;
				SWIFT_VERSION = 5.0;
				TARGETED_DEVICE_FAMILY = "1,2";
			};
			name = Release;
		};
		29535E3C28BE12ED003EAC98 /* Debug */ = {
			isa = XCBuildConfiguration;
			buildSettings = {
				ALWAYS_EMBED_SWIFT_STANDARD_LIBRARIES = YES;
				BUNDLE_LOADER = "$(TEST_HOST)";
				CODE_SIGN_STYLE = Automatic;
				CURRENT_PROJECT_VERSION = 1;
				GENERATE_INFOPLIST_FILE = YES;
				IPHONEOS_DEPLOYMENT_TARGET = 15.5;
				MARKETING_VERSION = 1.0;
				PRODUCT_BUNDLE_IDENTIFIER = "com.test.App-LifecycleTests";
				PRODUCT_NAME = "$(TARGET_NAME)";
				SWIFT_EMIT_LOC_STRINGS = NO;
				SWIFT_VERSION = 5.0;
				TARGETED_DEVICE_FAMILY = "1,2";
				TEST_HOST = "$(BUILT_PRODUCTS_DIR)/App Lifecycle.app/App Lifecycle";
			};
			name = Debug;
		};
		29535E3D28BE12ED003EAC98 /* Release */ = {
			isa = XCBuildConfiguration;
			buildSettings = {
				ALWAYS_EMBED_SWIFT_STANDARD_LIBRARIES = YES;
				BUNDLE_LOADER = "$(TEST_HOST)";
				CODE_SIGN_STYLE = Automatic;
				CURRENT_PROJECT_VERSION = 1;
				GENERATE_INFOPLIST_FILE = YES;
				IPHONEOS_DEPLOYMENT_TARGET = 15.5;
				MARKETING_VERSION = 1.0;
				PRODUCT_BUNDLE_IDENTIFIER = "com.test.App-LifecycleTests";
				PRODUCT_NAME = "$(TARGET_NAME)";
				SWIFT_EMIT_LOC_STRINGS = NO;
				SWIFT_VERSION = 5.0;
				TARGETED_DEVICE_FAMILY = "1,2";
				TEST_HOST = "$(BUILT_PRODUCTS_DIR)/App Lifecycle.app/App Lifecycle";
			};
			name = Release;
		};
		29535E3F28BE12ED003EAC98 /* Debug */ = {
			isa = XCBuildConfiguration;
			buildSettings = {
				ALWAYS_EMBED_SWIFT_STANDARD_LIBRARIES = YES;
				CODE_SIGN_STYLE = Automatic;
				CURRENT_PROJECT_VERSION = 1;
				GENERATE_INFOPLIST_FILE = YES;
				MARKETING_VERSION = 1.0;
				PRODUCT_BUNDLE_IDENTIFIER = "com.test.App-LifecycleUITests";
				PRODUCT_NAME = "$(TARGET_NAME)";
				SWIFT_EMIT_LOC_STRINGS = NO;
				SWIFT_VERSION = 5.0;
				TARGETED_DEVICE_FAMILY = "1,2";
				TEST_TARGET_NAME = "App Lifecycle";
			};
			name = Debug;
		};
		29535E4028BE12ED003EAC98 /* Release */ = {
			isa = XCBuildConfiguration;
			buildSettings = {
				ALWAYS_EMBED_SWIFT_STANDARD_LIBRARIES = YES;
				CODE_SIGN_STYLE = Automatic;
				CURRENT_PROJECT_VERSION = 1;
				GENERATE_INFOPLIST_FILE = YES;
				MARKETING_VERSION = 1.0;
				PRODUCT_BUNDLE_IDENTIFIER = "com.test.App-LifecycleUITests";
				PRODUCT_NAME = "$(TARGET_NAME)";
				SWIFT_EMIT_LOC_STRINGS = NO;
				SWIFT_VERSION = 5.0;
				TARGETED_DEVICE_FAMILY = "1,2";
				TEST_TARGET_NAME = "App Lifecycle";
			};
			name = Release;
		};
/* End XCBuildConfiguration section */

/* Begin XCConfigurationList section */
		29535E0928BE12EC003EAC98 /* Build configuration list for PBXProject "App Lifecycle" */ = {
			isa = XCConfigurationList;
			buildConfigurations = (
				29535E3628BE12ED003EAC98 /* Debug */,
				29535E3728BE12ED003EAC98 /* Release */,
			);
			defaultConfigurationIsVisible = 0;
			defaultConfigurationName = Release;
		};
		29535E3828BE12ED003EAC98 /* Build configuration list for PBXNativeTarget "App Lifecycle" */ = {
			isa = XCConfigurationList;
			buildConfigurations = (
				29535E3928BE12ED003EAC98 /* Debug */,
				29535E3A28BE12ED003EAC98 /* Release */,
			);
			defaultConfigurationIsVisible = 0;
			defaultConfigurationName = Release;
		};
		29535E3B28BE12ED003EAC98 /* Build configuration list for PBXNativeTarget "App LifecycleTests" */ = {
			isa = XCConfigurationList;
			buildConfigurations = (
				29535E3C28BE12ED003EAC98 /* Debug */,
				29535E3D28BE12ED003EAC98 /* Release */,
			);
			defaultConfigurationIsVisible = 0;
			defaultConfigurationName = Release;
		};
		29535E3E28BE12ED003EAC98 /* Build configuration list for PBXNativeTarget "App LifecycleUITests" */ = {
			isa = XCConfigurationList;
			buildConfigurations = (
				29535E3F28BE12ED003EAC98 /* Debug */,
				29535E4028BE12ED003EAC98 /* Release */,
			);
			defaultConfigurationIsVisible = 0;
			defaultConfigurationName = Release;
		};
/* End XCConfigurationList section */
	};
	rootObject = 29535E0628BE12EC003EAC98 /* Project object */;
}
